
Microsoft Visual Studio Solution File, Format Version 12.00
# Visual Studio Version 17
VisualStudioVersion = 17.5.33414.496
MinimumVisualStudioVersion = 10.0.40219.1
Project("{9A19103F-16F7-4668-BE54-9A1E7A4F7556}") = "VideoHosting.API", "VideoHosting.API\VideoHosting.API.csproj", "{30ED3AD9-B037-450D-B263-359C8F4ACA8D}"
EndProject
Project("{9A19103F-16F7-4668-BE54-9A1E7A4F7556}") = "VideoHosting.Core", "VideoHosting.Core\VideoHosting.Core.csproj", "{BCD8A127-68C7-4399-A4AD-059984F03ECC}"
EndProject
Project("{9A19103F-16F7-4668-BE54-9A1E7A4F7556}") = "VideoHosting.Infrastructure", "VideoHosting.Infrastructure\VideoHosting.Infrastructure.csproj", "{FB22A3D0-D1B7-47FF-A63C-A1CC4BDE0BF8}"
EndProject
Global
	GlobalSection(SolutionConfigurationPlatforms) = preSolution
		Debug|Any CPU = Debug|Any CPU
		Release|Any CPU = Release|Any CPU
	EndGlobalSection
	GlobalSection(ProjectConfigurationPlatforms) = postSolution
		{30ED3AD9-B037-450D-B263-359C8F4ACA8D}.Debug|Any CPU.ActiveCfg = Debug|Any CPU
		{30ED3AD9-B037-450D-B263-359C8F4ACA8D}.Debug|Any CPU.Build.0 = Debug|Any CPU
		{30ED3AD9-B037-450D-B263-359C8F4ACA8D}.Release|Any CPU.ActiveCfg = Release|Any CPU
		{30ED3AD9-B037-450D-B263-359C8F4ACA8D}.Release|Any CPU.Build.0 = Release|Any CPU
		{BCD8A127-68C7-4399-A4AD-059984F03ECC}.Debug|Any CPU.ActiveCfg = Debug|Any CPU
		{BCD8A127-68C7-4399-A4AD-059984F03ECC}.Debug|Any CPU.Build.0 = Debug|Any CPU
		{BCD8A127-68C7-4399-A4AD-059984F03ECC}.Release|Any CPU.ActiveCfg = Release|Any CPU
		{BCD8A127-68C7-4399-A4AD-059984F03ECC}.Release|Any CPU.Build.0 = Release|Any CPU
		{FB22A3D0-D1B7-47FF-A63C-A1CC4BDE0BF8}.Debug|Any CPU.ActiveCfg = Debug|Any CPU
		{FB22A3D0-D1B7-47FF-A63C-A1CC4BDE0BF8}.Debug|Any CPU.Build.0 = Debug|Any CPU
		{FB22A3D0-D1B7-47FF-A63C-A1CC4BDE0BF8}.Release|Any CPU.ActiveCfg = Release|Any CPU
		{FB22A3D0-D1B7-47FF-A63C-A1CC4BDE0BF8}.Release|Any CPU.Build.0 = Release|Any CPU
	EndGlobalSection
	GlobalSection(SolutionProperties) = preSolution
		HideSolutionNode = FALSE
	EndGlobalSection
	GlobalSection(ExtensibilityGlobals) = postSolution
		SolutionGuid = {31EAF00F-2973-4D25-BADB-6224FAD651C5}
	EndGlobalSection
EndGlobal
